
Microsoft Visual Studio Solution File, Format Version 12.00
# Visual Studio Version 16
VisualStudioVersion = 16.0.31005.135
MinimumVisualStudioVersion = 10.0.40219.1
Project("{FAE04EC0-301F-11D3-BF4B-00C04F79EFBC}") = "UnitTestPenkin", "UnitTestPenkin\UnitTestPenkin.csproj", "{6EAFD0EA-4B14-42EA-B273-BA5A4EA34FF3}"
EndProject
Project("{FAE04EC0-301F-11D3-BF4B-00C04F79EFBC}") = "ClassPenkin", "ClassPenkin\ClassPenkin.csproj", "{BC629C07-C32E-4BA9-A47B-29135E59E3FD}"
EndProject
Global
	GlobalSection(SolutionConfigurationPlatforms) = preSolution
		Debug|Any CPU = Debug|Any CPU
		Release|Any CPU = Release|Any CPU
	EndGlobalSection
	GlobalSection(ProjectConfigurationPlatforms) = postSolution
		{6EAFD0EA-4B14-42EA-B273-BA5A4EA34FF3}.Debug|Any CPU.ActiveCfg = Debug|Any CPU
		{6EAFD0EA-4B14-42EA-B273-BA5A4EA34FF3}.Debug|Any CPU.Build.0 = Debug|Any CPU
		{6EAFD0EA-4B14-42EA-B273-BA5A4EA34FF3}.Release|Any CPU.ActiveCfg = Release|Any CPU
		{6EAFD0EA-4B14-42EA-B273-BA5A4EA34FF3}.Release|Any CPU.Build.0 = Release|Any CPU
		{BC629C07-C32E-4BA9-A47B-29135E59E3FD}.Debug|Any CPU.ActiveCfg = Debug|Any CPU
		{BC629C07-C32E-4BA9-A47B-29135E59E3FD}.Debug|Any CPU.Build.0 = Debug|Any CPU
		{BC629C07-C32E-4BA9-A47B-29135E59E3FD}.Release|Any CPU.ActiveCfg = Release|Any CPU
		{BC629C07-C32E-4BA9-A47B-29135E59E3FD}.Release|Any CPU.Build.0 = Release|Any CPU
	EndGlobalSection
	GlobalSection(SolutionProperties) = preSolution
		HideSolutionNode = FALSE
	EndGlobalSection
	GlobalSection(ExtensibilityGlobals) = postSolution
		SolutionGuid = {EF152ED4-FE3D-4485-AF02-712F5BB18AD4}
	EndGlobalSection
EndGlobal
